
Microsoft Visual Studio Solution File, Format Version 12.00
# Visual Studio Version 16
VisualStudioVersion = 16.0.29306.81
MinimumVisualStudioVersion = 10.0.40219.1
Project("{FAE04EC0-301F-11D3-BF4B-00C04F79EFBC}") = "CMPP248VB", "CMPP248VB\CMPP248VB.csproj", "{53B966C5-DB3B-47F4-9BFD-5D06208ABB48}"
EndProject
Project("{FAE04EC0-301F-11D3-BF4B-00C04F79EFBC}") = "Supplier_Travel", "Suppliers\Supplier_Travel\Supplier_Travel.csproj", "{7E5BAD8E-AD28-46B4-B002-F71FA9E3030C}"
EndProject
Project("{FAE04EC0-301F-11D3-BF4B-00C04F79EFBC}") = "Products", "Products\Products.csproj", "{0CF66A50-9F5C-4E07-9D04-CB79DEE03060}"
EndProject
Project("{FAE04EC0-301F-11D3-BF4B-00C04F79EFBC}") = "TravelExpertsLoginPage", "TravelExpertsLoginPage\TravelExpertsLoginPage\TravelExpertsLoginPage.csproj", "{2F5A3E91-E4D9-47A2-BA7F-49CB05D1E231}"
EndProject
Global
	GlobalSection(SolutionConfigurationPlatforms) = preSolution
		Debug|Any CPU = Debug|Any CPU
		Release|Any CPU = Release|Any CPU
	EndGlobalSection
	GlobalSection(ProjectConfigurationPlatforms) = postSolution
		{53B966C5-DB3B-47F4-9BFD-5D06208ABB48}.Debug|Any CPU.ActiveCfg = Debug|Any CPU
		{53B966C5-DB3B-47F4-9BFD-5D06208ABB48}.Debug|Any CPU.Build.0 = Debug|Any CPU
		{53B966C5-DB3B-47F4-9BFD-5D06208ABB48}.Release|Any CPU.ActiveCfg = Release|Any CPU
		{53B966C5-DB3B-47F4-9BFD-5D06208ABB48}.Release|Any CPU.Build.0 = Release|Any CPU
		{7E5BAD8E-AD28-46B4-B002-F71FA9E3030C}.Debug|Any CPU.ActiveCfg = Debug|Any CPU
		{7E5BAD8E-AD28-46B4-B002-F71FA9E3030C}.Debug|Any CPU.Build.0 = Debug|Any CPU
		{7E5BAD8E-AD28-46B4-B002-F71FA9E3030C}.Release|Any CPU.ActiveCfg = Release|Any CPU
		{7E5BAD8E-AD28-46B4-B002-F71FA9E3030C}.Release|Any CPU.Build.0 = Release|Any CPU
		{0CF66A50-9F5C-4E07-9D04-CB79DEE03060}.Debug|Any CPU.ActiveCfg = Debug|Any CPU
		{0CF66A50-9F5C-4E07-9D04-CB79DEE03060}.Debug|Any CPU.Build.0 = Debug|Any CPU
		{0CF66A50-9F5C-4E07-9D04-CB79DEE03060}.Release|Any CPU.ActiveCfg = Release|Any CPU
		{0CF66A50-9F5C-4E07-9D04-CB79DEE03060}.Release|Any CPU.Build.0 = Release|Any CPU
		{2F5A3E91-E4D9-47A2-BA7F-49CB05D1E231}.Debug|Any CPU.ActiveCfg = Debug|Any CPU
		{2F5A3E91-E4D9-47A2-BA7F-49CB05D1E231}.Debug|Any CPU.Build.0 = Debug|Any CPU
		{2F5A3E91-E4D9-47A2-BA7F-49CB05D1E231}.Release|Any CPU.ActiveCfg = Release|Any CPU
		{2F5A3E91-E4D9-47A2-BA7F-49CB05D1E231}.Release|Any CPU.Build.0 = Release|Any CPU
	EndGlobalSection
	GlobalSection(SolutionProperties) = preSolution
		HideSolutionNode = FALSE
	EndGlobalSection
	GlobalSection(ExtensibilityGlobals) = postSolution
		SolutionGuid = {DF547573-2875-4FA0-827A-58546E67ECFC}
	EndGlobalSection
EndGlobal
