
Microsoft Visual Studio Solution File, Format Version 12.00
# Visual Studio 15
VisualStudioVersion = 15.0.28307.852
MinimumVisualStudioVersion = 10.0.40219.1
Project("{FAE04EC0-301F-11D3-BF4B-00C04F79EFBC}") = "TravelExpertsLoginPage", "TravelExpertsLoginPage\TravelExpertsLoginPage.csproj", "{2F5A3E91-E4D9-47A2-BA7F-49CB05D1E231}"
EndProject
Global
	GlobalSection(SolutionConfigurationPlatforms) = preSolution
		Debug|Any CPU = Debug|Any CPU
		Release|Any CPU = Release|Any CPU
	EndGlobalSection
	GlobalSection(ProjectConfigurationPlatforms) = postSolution
		{2F5A3E91-E4D9-47A2-BA7F-49CB05D1E231}.Debug|Any CPU.ActiveCfg = Debug|Any CPU
		{2F5A3E91-E4D9-47A2-BA7F-49CB05D1E231}.Debug|Any CPU.Build.0 = Debug|Any CPU
		{2F5A3E91-E4D9-47A2-BA7F-49CB05D1E231}.Release|Any CPU.ActiveCfg = Release|Any CPU
		{2F5A3E91-E4D9-47A2-BA7F-49CB05D1E231}.Release|Any CPU.Build.0 = Release|Any CPU
	EndGlobalSection
	GlobalSection(SolutionProperties) = preSolution
		HideSolutionNode = FALSE
	EndGlobalSection
	GlobalSection(ExtensibilityGlobals) = postSolution
		SolutionGuid = {18F29531-5B48-43B6-9B35-551D5A519065}
	EndGlobalSection
EndGlobal
